<?xml version="1.0" encoding="utf-8"?>
<Project ToolsVersion="4.0" xmlns="http://schemas.microsoft.com/developer/msbuild/2003">
  <ItemGroup>
    <Filter Include="Source Files">
      <UniqueIdentifier>{4FC737F1-C7A5-4376-A066-2A32D752A2FF}</UniqueIdentifier>
      <Extensions>cpp;c;cc;cxx;c++;cppm;ixx;def;odl;idl;hpj;bat;asm;asmx</Extensions>
    </Filter>
    <Filter Include="Header Files">
      <UniqueIdentifier>{93995380-89BD-4b04-88EB-625FBE52EBFB}</UniqueIdentifier>
      <Extensions>h;hh;hpp;hxx;h++;hm;inl;inc;ipp;xsd</Extensions>
    </Filter>
    <Filter Include="Resource Files">
      <UniqueIdentifier>{67DA6AB6-F800-4c08-8B7A-83BB121AAD01}</UniqueIdentifier>
      <Extensions>rc;ico;cur;bmp;dlg;rc2;rct;bin;rgs;gif;jpg;jpeg;jpe;resx;tiff;tif;png;wav;mfcribbon-ms</Extensions>
    </Filter>
  </ItemGroup>
  <ItemGroup>
    <ClCompile Include="Source Files\Main.cpp">
      <Filter>Source Files</Filter>
    </ClCompile>
    <ClCompile Include="Source Files\Graphics.cpp">
      <Filter>Source Files</Filter>
    </ClCompile>
    <ClCompile Include="Source Files\Primitives.cpp">
      <Filter>Source Files</Filter>
    </ClCompile>
    <ClCompile Include="Source Files\Input.cpp">
      <Filter>Source Files</Filter>
    </ClCompile>
    <ClCompile Include="Source Files\Test.cpp">
      <Filter>Source Files</Filter>
    </ClCompile>
    <ClCompile Include="Source Files\Time.cpp">
      <Filter>Source Files</Filter>
    </ClCompile>
    <ClCompile Include="Source Files\ParticleTest.cpp">
      <Filter>Source Files</Filter>
    </ClCompile>
    <ClCompile Include="Source Files\Body.cpp">
      <Filter>Source Files</Filter>
    </ClCompile>
    <ClCompile Include="Source Files\CircleShape.cpp">
      <Filter>Source Files</Filter>
    </ClCompile>
    <ClCompile Include="Source Files\PhysicsObject.cpp">
      <Filter>Source Files</Filter>
    </ClCompile>
    <ClCompile Include="Source Files\World.cpp">
      <Filter>Source Files</Filter>
    </ClCompile>
  </ItemGroup>
  <ItemGroup>
    <ClInclude Include="Source Files\Graphics.h">
      <Filter>Source Files</Filter>
    </ClInclude>
    <ClInclude Include="Source Files\Input.h">
      <Filter>Source Files</Filter>
    </ClInclude>
    <ClInclude Include="Source Files\Primitives.h">
      <Filter>Source Files</Filter>
    </ClInclude>
    <ClInclude Include="Source Files\Random.h">
      <Filter>Source Files</Filter>
    </ClInclude>
    <ClInclude Include="Source Files\Test.h">
      <Filter>Source Files</Filter>
    </ClInclude>
    <ClInclude Include="Source Files\Time.h">
      <Filter>Source Files</Filter>
    </ClInclude>
    <ClInclude Include="Source Files\ParticleTest.h">
      <Filter>Source Files</Filter>
    </ClInclude>
    <ClInclude Include="Source Files\Body.h">
      <Filter>Source Files</Filter>
    </ClInclude>
    <ClInclude Include="Source Files\Shape.h">
      <Filter>Source Files</Filter>
    </ClInclude>
    <ClInclude Include="Source Files\CircleShape.h">
      <Filter>Source Files</Filter>
    </ClInclude>
    <ClInclude Include="Source Files\PhysicsObject.h">
      <Filter>Source Files</Filter>
    </ClInclude>
    <ClInclude Include="Source Files\World.h">
      <Filter>Source Files</Filter>
    </ClInclude>
  </ItemGroup>
</Project>